
Microsoft Visual Studio Solution File, Format Version 12.00
# Visual Studio 15
VisualStudioVersion = 15.0.28307.539
MinimumVisualStudioVersion = 10.0.40219.1
Project("{2150E333-8FDC-42A3-9474-1A3956D46DE8}") = "Solution Items", "Solution Items", "{D4319516-8301-42ED-8A76-430E4B3FBEC6}"
	ProjectSection(SolutionItems) = preProject
		README.md = README.md
	EndProjectSection
EndProject
Project("{8BC9CEB8-8B4A-11D0-8D11-00A0C91BC942}") = "System", "System\System.vcxproj", "{33A56C20-A036-4A4B-B5BF-8FF85B5A45BD}"
EndProject
Project("{8BC9CEB8-8B4A-11D0-8D11-00A0C91BC942}") = "Test", "Test\Test.vcxproj", "{9662DA9A-4DC1-4801-8391-95C69CB36AB3}"
	ProjectSection(ProjectDependencies) = postProject
		{33A56C20-A036-4A4B-B5BF-8FF85B5A45BD} = {33A56C20-A036-4A4B-B5BF-8FF85B5A45BD}
	EndProjectSection
EndProject
Project("{8BC9CEB8-8B4A-11D0-8D11-00A0C91BC942}") = "UnitTest", "UnitTest\UnitTest.vcxproj", "{13813DBA-A551-45F1-8FCC-34A6A46E10F6}"
EndProject
Global
	GlobalSection(SolutionConfigurationPlatforms) = preSolution
		Debug|x64 = Debug|x64
		Debug|x86 = Debug|x86
		Release|x64 = Release|x64
		Release|x86 = Release|x86
	EndGlobalSection
	GlobalSection(ProjectConfigurationPlatforms) = postSolution
		{33A56C20-A036-4A4B-B5BF-8FF85B5A45BD}.Debug|x64.ActiveCfg = Debug|x64
		{33A56C20-A036-4A4B-B5BF-8FF85B5A45BD}.Debug|x64.Build.0 = Debug|x64
		{33A56C20-A036-4A4B-B5BF-8FF85B5A45BD}.Debug|x86.ActiveCfg = Debug|Win32
		{33A56C20-A036-4A4B-B5BF-8FF85B5A45BD}.Debug|x86.Build.0 = Debug|Win32
		{33A56C20-A036-4A4B-B5BF-8FF85B5A45BD}.Release|x64.ActiveCfg = Release|x64
		{33A56C20-A036-4A4B-B5BF-8FF85B5A45BD}.Release|x64.Build.0 = Release|x64
		{33A56C20-A036-4A4B-B5BF-8FF85B5A45BD}.Release|x86.ActiveCfg = Release|Win32
		{33A56C20-A036-4A4B-B5BF-8FF85B5A45BD}.Release|x86.Build.0 = Release|Win32
		{9662DA9A-4DC1-4801-8391-95C69CB36AB3}.Debug|x64.ActiveCfg = Debug|x64
		{9662DA9A-4DC1-4801-8391-95C69CB36AB3}.Debug|x64.Build.0 = Debug|x64
		{9662DA9A-4DC1-4801-8391-95C69CB36AB3}.Debug|x86.ActiveCfg = Debug|Win32
		{9662DA9A-4DC1-4801-8391-95C69CB36AB3}.Debug|x86.Build.0 = Debug|Win32
		{9662DA9A-4DC1-4801-8391-95C69CB36AB3}.Release|x64.ActiveCfg = Release|x64
		{9662DA9A-4DC1-4801-8391-95C69CB36AB3}.Release|x64.Build.0 = Release|x64
		{9662DA9A-4DC1-4801-8391-95C69CB36AB3}.Release|x86.ActiveCfg = Release|Win32
		{9662DA9A-4DC1-4801-8391-95C69CB36AB3}.Release|x86.Build.0 = Release|Win32
		{13813DBA-A551-45F1-8FCC-34A6A46E10F6}.Debug|x64.ActiveCfg = Debug|x64
		{13813DBA-A551-45F1-8FCC-34A6A46E10F6}.Debug|x64.Build.0 = Debug|x64
		{13813DBA-A551-45F1-8FCC-34A6A46E10F6}.Debug|x86.ActiveCfg = Debug|Win32
		{13813DBA-A551-45F1-8FCC-34A6A46E10F6}.Debug|x86.Build.0 = Debug|Win32
		{13813DBA-A551-45F1-8FCC-34A6A46E10F6}.Release|x64.ActiveCfg = Release|x64
		{13813DBA-A551-45F1-8FCC-34A6A46E10F6}.Release|x64.Build.0 = Release|x64
		{13813DBA-A551-45F1-8FCC-34A6A46E10F6}.Release|x86.ActiveCfg = Release|Win32
		{13813DBA-A551-45F1-8FCC-34A6A46E10F6}.Release|x86.Build.0 = Release|Win32
	EndGlobalSection
	GlobalSection(SolutionProperties) = preSolution
		HideSolutionNode = FALSE
	EndGlobalSection
	GlobalSection(ExtensibilityGlobals) = postSolution
		SolutionGuid = {A6B004C5-1230-4FB4-B2D9-3987E9237807}
	EndGlobalSection
EndGlobal
