
Microsoft Visual Studio Solution File, Format Version 12.00
# Visual Studio Version 16
VisualStudioVersion = 16.0.29613.14
MinimumVisualStudioVersion = 10.0.40219.1
Project("{8BC9CEB8-8B4A-11D0-8D11-00A0C91BC942}") = "System", "System\System.vcxproj", "{E79491B1-D6E8-4DE6-A3B1-27B25C0365FA}"
	ProjectSection(ProjectDependencies) = postProject
		{E96994EA-B0B0-44CA-8849-DB7F4E020833} = {E96994EA-B0B0-44CA-8849-DB7F4E020833}
		{04A546F3-52FB-4BA2-8A2E-45AA4D125C2A} = {04A546F3-52FB-4BA2-8A2E-45AA4D125C2A}
	EndProjectSection
EndProject
Project("{8BC9CEB8-8B4A-11D0-8D11-00A0C91BC942}") = "Crypto", "3rd\m4x1m1l14n\Crypto.git\Crypto\Crypto.vcxproj", "{04A546F3-52FB-4BA2-8A2E-45AA4D125C2A}"
EndProject
Project("{8BC9CEB8-8B4A-11D0-8D11-00A0C91BC942}") = "SystemTest", "SystemTest\SystemTest.vcxproj", "{04693CF2-1D02-43D4-899C-41CFC710F424}"
	ProjectSection(ProjectDependencies) = postProject
		{E79491B1-D6E8-4DE6-A3B1-27B25C0365FA} = {E79491B1-D6E8-4DE6-A3B1-27B25C0365FA}
	EndProjectSection
EndProject
Project("{8BC9CEB8-8B4A-11D0-8D11-00A0C91BC942}") = "Registry", "3rd\m4x1m1l14n\Registry.git\Registry\Registry.vcxproj", "{E96994EA-B0B0-44CA-8849-DB7F4E020833}"
EndProject
Project("{8BC9CEB8-8B4A-11D0-8D11-00A0C91BC942}") = "SystemUnitTest", "SystemUnitTest\SystemUnitTest.vcxproj", "{060B64A7-1641-488F-AE60-499CD3C73329}"
	ProjectSection(ProjectDependencies) = postProject
		{E79491B1-D6E8-4DE6-A3B1-27B25C0365FA} = {E79491B1-D6E8-4DE6-A3B1-27B25C0365FA}
	EndProjectSection
EndProject
Global
	GlobalSection(SolutionConfigurationPlatforms) = preSolution
		Debug|x64 = Debug|x64
		Debug|x86 = Debug|x86
		Release|x64 = Release|x64
		Release|x86 = Release|x86
	EndGlobalSection
	GlobalSection(ProjectConfigurationPlatforms) = postSolution
		{E79491B1-D6E8-4DE6-A3B1-27B25C0365FA}.Debug|x64.ActiveCfg = Debug|x64
		{E79491B1-D6E8-4DE6-A3B1-27B25C0365FA}.Debug|x64.Build.0 = Debug|x64
		{E79491B1-D6E8-4DE6-A3B1-27B25C0365FA}.Debug|x86.ActiveCfg = Debug|Win32
		{E79491B1-D6E8-4DE6-A3B1-27B25C0365FA}.Debug|x86.Build.0 = Debug|Win32
		{E79491B1-D6E8-4DE6-A3B1-27B25C0365FA}.Release|x64.ActiveCfg = Release|x64
		{E79491B1-D6E8-4DE6-A3B1-27B25C0365FA}.Release|x64.Build.0 = Release|x64
		{E79491B1-D6E8-4DE6-A3B1-27B25C0365FA}.Release|x86.ActiveCfg = Release|Win32
		{E79491B1-D6E8-4DE6-A3B1-27B25C0365FA}.Release|x86.Build.0 = Release|Win32
		{04A546F3-52FB-4BA2-8A2E-45AA4D125C2A}.Debug|x64.ActiveCfg = Debug|x64
		{04A546F3-52FB-4BA2-8A2E-45AA4D125C2A}.Debug|x64.Build.0 = Debug|x64
		{04A546F3-52FB-4BA2-8A2E-45AA4D125C2A}.Debug|x86.ActiveCfg = Debug|Win32
		{04A546F3-52FB-4BA2-8A2E-45AA4D125C2A}.Debug|x86.Build.0 = Debug|Win32
		{04A546F3-52FB-4BA2-8A2E-45AA4D125C2A}.Release|x64.ActiveCfg = Release|x64
		{04A546F3-52FB-4BA2-8A2E-45AA4D125C2A}.Release|x64.Build.0 = Release|x64
		{04A546F3-52FB-4BA2-8A2E-45AA4D125C2A}.Release|x86.ActiveCfg = Release|Win32
		{04A546F3-52FB-4BA2-8A2E-45AA4D125C2A}.Release|x86.Build.0 = Release|Win32
		{04693CF2-1D02-43D4-899C-41CFC710F424}.Debug|x64.ActiveCfg = Debug|x64
		{04693CF2-1D02-43D4-899C-41CFC710F424}.Debug|x64.Build.0 = Debug|x64
		{04693CF2-1D02-43D4-899C-41CFC710F424}.Debug|x86.ActiveCfg = Debug|Win32
		{04693CF2-1D02-43D4-899C-41CFC710F424}.Debug|x86.Build.0 = Debug|Win32
		{04693CF2-1D02-43D4-899C-41CFC710F424}.Release|x64.ActiveCfg = Release|x64
		{04693CF2-1D02-43D4-899C-41CFC710F424}.Release|x64.Build.0 = Release|x64
		{04693CF2-1D02-43D4-899C-41CFC710F424}.Release|x86.ActiveCfg = Release|Win32
		{04693CF2-1D02-43D4-899C-41CFC710F424}.Release|x86.Build.0 = Release|Win32
		{E96994EA-B0B0-44CA-8849-DB7F4E020833}.Debug|x64.ActiveCfg = Debug|x64
		{E96994EA-B0B0-44CA-8849-DB7F4E020833}.Debug|x64.Build.0 = Debug|x64
		{E96994EA-B0B0-44CA-8849-DB7F4E020833}.Debug|x86.ActiveCfg = Debug|Win32
		{E96994EA-B0B0-44CA-8849-DB7F4E020833}.Debug|x86.Build.0 = Debug|Win32
		{E96994EA-B0B0-44CA-8849-DB7F4E020833}.Release|x64.ActiveCfg = Release|x64
		{E96994EA-B0B0-44CA-8849-DB7F4E020833}.Release|x64.Build.0 = Release|x64
		{E96994EA-B0B0-44CA-8849-DB7F4E020833}.Release|x86.ActiveCfg = Release|Win32
		{E96994EA-B0B0-44CA-8849-DB7F4E020833}.Release|x86.Build.0 = Release|Win32
		{060B64A7-1641-488F-AE60-499CD3C73329}.Debug|x64.ActiveCfg = Debug|x64
		{060B64A7-1641-488F-AE60-499CD3C73329}.Debug|x64.Build.0 = Debug|x64
		{060B64A7-1641-488F-AE60-499CD3C73329}.Debug|x86.ActiveCfg = Debug|Win32
		{060B64A7-1641-488F-AE60-499CD3C73329}.Debug|x86.Build.0 = Debug|Win32
		{060B64A7-1641-488F-AE60-499CD3C73329}.Release|x64.ActiveCfg = Release|x64
		{060B64A7-1641-488F-AE60-499CD3C73329}.Release|x64.Build.0 = Release|x64
		{060B64A7-1641-488F-AE60-499CD3C73329}.Release|x86.ActiveCfg = Release|Win32
		{060B64A7-1641-488F-AE60-499CD3C73329}.Release|x86.Build.0 = Release|Win32
	EndGlobalSection
	GlobalSection(SolutionProperties) = preSolution
		HideSolutionNode = FALSE
	EndGlobalSection
	GlobalSection(ExtensibilityGlobals) = postSolution
		SolutionGuid = {A898FF62-98FD-46AB-9A70-34A340ED73FF}
	EndGlobalSection
EndGlobal
